
Microsoft Visual Studio Solution File, Format Version 12.00
# Visual Studio Version 17
VisualStudioVersion = 17.14.36408.4 d17.14
MinimumVisualStudioVersion = 10.0.40219.1
Project("{FAE04EC0-301F-11D3-BF4B-00C04F79EFBC}") = "Code.Katas.Arrays", "Code.Katas.Arrays\Code.Katas.Arrays.csproj", "{74F52E58-B9E9-4BFA-8548-62E3128F10A5}"
EndProject
Global
	GlobalSection(SolutionConfigurationPlatforms) = preSolution
		Debug|Any CPU = Debug|Any CPU
		Release|Any CPU = Release|Any CPU
	EndGlobalSection
	GlobalSection(ProjectConfigurationPlatforms) = postSolution
		{74F52E58-B9E9-4BFA-8548-62E3128F10A5}.Debug|Any CPU.ActiveCfg = Debug|Any CPU
		{74F52E58-B9E9-4BFA-8548-62E3128F10A5}.Debug|Any CPU.Build.0 = Debug|Any CPU
		{74F52E58-B9E9-4BFA-8548-62E3128F10A5}.Release|Any CPU.ActiveCfg = Release|Any CPU
		{74F52E58-B9E9-4BFA-8548-62E3128F10A5}.Release|Any CPU.Build.0 = Release|Any CPU
	EndGlobalSection
	GlobalSection(SolutionProperties) = preSolution
		HideSolutionNode = FALSE
	EndGlobalSection
	GlobalSection(ExtensibilityGlobals) = postSolution
		SolutionGuid = {8CFFFC2B-C4F2-47C6-A50A-9B24124E96C1}
	EndGlobalSection
EndGlobal
